
Microsoft Visual Studio Solution File, Format Version 12.00
Project("{FAE04EC0-301F-11D3-BF4B-00C04F79EFBC}") = "QLSBD", "QLSBD\QLSBD.csproj", "{02676442-38FE-4B20-97B1-9A904D1C4AB3}"
EndProject
Global
	GlobalSection(SolutionConfigurationPlatforms) = preSolution
		Debug|Any CPU = Debug|Any CPU
		Release|Any CPU = Release|Any CPU
	EndGlobalSection
	GlobalSection(ProjectConfigurationPlatforms) = postSolution
		{02676442-38FE-4B20-97B1-9A904D1C4AB3}.Debug|Any CPU.ActiveCfg = Debug|Any CPU
		{02676442-38FE-4B20-97B1-9A904D1C4AB3}.Debug|Any CPU.Build.0 = Debug|Any CPU
		{02676442-38FE-4B20-97B1-9A904D1C4AB3}.Release|Any CPU.ActiveCfg = Release|Any CPU
		{02676442-38FE-4B20-97B1-9A904D1C4AB3}.Release|Any CPU.Build.0 = Release|Any CPU
	EndGlobalSection
EndGlobal
